
Microsoft Visual Studio Solution File, Format Version 12.00
# Visual Studio 15
VisualStudioVersion = 15.0.28307.705
MinimumVisualStudioVersion = 10.0.40219.1
Project("{FAE04EC0-301F-11D3-BF4B-00C04F79EFBC}") = "Sistema.Entidades", "Sistema.Entidades\Sistema.Entidades.csproj", "{54D7FD45-19B5-4E1A-9B45-668350E7DE02}"
EndProject
Project("{FAE04EC0-301F-11D3-BF4B-00C04F79EFBC}") = "Sistema.Datos", "Sistema.Datos\Sistema.Datos.csproj", "{460ECB74-19A6-4AEA-BF4D-E31C20B254FD}"
EndProject
Project("{FAE04EC0-301F-11D3-BF4B-00C04F79EFBC}") = "Sistema.Web", "Sistema.Web\Sistema.Web.csproj", "{7D14C445-6D9E-43B2-A4CF-705D9BA47BCD}"
EndProject
Global
	GlobalSection(SolutionConfigurationPlatforms) = preSolution
		Debug|Any CPU = Debug|Any CPU
		Release|Any CPU = Release|Any CPU
	EndGlobalSection
	GlobalSection(ProjectConfigurationPlatforms) = postSolution
		{54D7FD45-19B5-4E1A-9B45-668350E7DE02}.Debug|Any CPU.ActiveCfg = Debug|Any CPU
		{54D7FD45-19B5-4E1A-9B45-668350E7DE02}.Debug|Any CPU.Build.0 = Debug|Any CPU
		{54D7FD45-19B5-4E1A-9B45-668350E7DE02}.Release|Any CPU.ActiveCfg = Release|Any CPU
		{54D7FD45-19B5-4E1A-9B45-668350E7DE02}.Release|Any CPU.Build.0 = Release|Any CPU
		{460ECB74-19A6-4AEA-BF4D-E31C20B254FD}.Debug|Any CPU.ActiveCfg = Debug|Any CPU
		{460ECB74-19A6-4AEA-BF4D-E31C20B254FD}.Debug|Any CPU.Build.0 = Debug|Any CPU
		{460ECB74-19A6-4AEA-BF4D-E31C20B254FD}.Release|Any CPU.ActiveCfg = Release|Any CPU
		{460ECB74-19A6-4AEA-BF4D-E31C20B254FD}.Release|Any CPU.Build.0 = Release|Any CPU
		{7D14C445-6D9E-43B2-A4CF-705D9BA47BCD}.Debug|Any CPU.ActiveCfg = Debug|Any CPU
		{7D14C445-6D9E-43B2-A4CF-705D9BA47BCD}.Debug|Any CPU.Build.0 = Debug|Any CPU
		{7D14C445-6D9E-43B2-A4CF-705D9BA47BCD}.Release|Any CPU.ActiveCfg = Release|Any CPU
		{7D14C445-6D9E-43B2-A4CF-705D9BA47BCD}.Release|Any CPU.Build.0 = Release|Any CPU
	EndGlobalSection
	GlobalSection(SolutionProperties) = preSolution
		HideSolutionNode = FALSE
	EndGlobalSection
	GlobalSection(ExtensibilityGlobals) = postSolution
		SolutionGuid = {32A47D0A-45CC-4B7E-9298-6B73705BD0B6}
	EndGlobalSection
EndGlobal
